{
    "_readme": [
        "This file locks the dependencies of your project to a known state",
        "Read more about it at https://getcomposer.org/doc/01-basic-usage.md#installing-dependencies",
        "This file is @generated automatically"
    ],
    "content-hash": "32d7f8d2a3d3671e1b0aa42c132db7de",
    "packages": [
        {
            "name": "radiantabyss/lumi-vue-artisan",
            "version": "v3.0.1",
            "source": {
                "type": "git",
                "url": "https://github.com/radiantabyss/lumi-vue-artisan.git",
                "reference": "f6939abd7d22ab8910684c3c7ea6bc059c675469"
            },
            "dist": {
                "type": "zip",
                "url": "https://api.github.com/repos/radiantabyss/lumi-vue-artisan/zipball/f6939abd7d22ab8910684c3c7ea6bc059c675469",
                "reference": "f6939abd7d22ab8910684c3c7ea6bc059c675469",
                "shasum": ""
            },
            "require": {
                "php": ">=7.1"
            },
            "type": "library",
            "autoload": {
                "files": [
                    "src/helpers.php"
                ],
                "psr-4": {
                    "Lumi\\VueArtisan\\": "src"
                }
            },
            "notification-url": "https://packagist.org/downloads/",
            "license": [
                "proprietary"
            ],
            "authors": [
                {
                    "name": "Robert B.",
                    "email": "robert@radiantabyss.com",
                    "role": "owner"
                }
            ],
            "description": "Lumi Vue Artisan",
            "homepage": "https://lumi.radiantabyss.com/vue-artisan",
            "keywords": [
                "lumi vue artisan",
                "vue artisan"
            ],
            "support": {
                "issues": "https://github.com/radiantabyss/lumi-vue-artisan/issues",
                "source": "https://github.com/radiantabyss/lumi-vue-artisan/tree/v3.0.1"
            },
            "time": "2024-12-02T21:57:56+00:00"
        }
    ],
    "packages-dev": [],
    "aliases": [],
    "minimum-stability": "dev",
    "stability-flags": [],
    "prefer-stable": true,
    "prefer-lowest": false,
    "platform": {
        "php": ">=7.1.3"
    },
    "platform-dev": [],
    "plugin-api-version": "2.3.0"
}
